// !$*UTF8*$!
{
	archiveVersion = 1;
	classes = {
	};
	objectVersion = 51;
	objects = {

/* Begin PBXBuildFile section */
		4C6379A6D2ABD5E75315AB34 /* Pods_catchup.framework in Frameworks */ = {isa = PBXBuildFile; fileRef = 67A2CCAC20B990BF9DBC137C /* Pods_catchup.framework */; };
		7604609823C6DD170022A062 /* MainContentManager.swift in Sources */ = {isa = PBXBuildFile; fileRef = 7604609723C6DD170022A062 /* MainContentManager.swift */; };
		7604609A23C6E1E90022A062 /* CommunityContentManager.swift in Sources */ = {isa = PBXBuildFile; fileRef = 7604609923C6E1E90022A062 /* CommunityContentManager.swift */; };
		7604609E23C6E5880022A062 /* CommunityVC.swift in Sources */ = {isa = PBXBuildFile; fileRef = 7604609D23C6E5880022A062 /* CommunityVC.swift */; };
		760EF82023BDB4130092FE7A /* KeywordCell.swift in Sources */ = {isa = PBXBuildFile; fileRef = 760EF81F23BDB4130092FE7A /* KeywordCell.swift */; };
		763C81F6239E7E2900C93350 /* SWRevealViewController.m in Sources */ = {isa = PBXBuildFile; fileRef = 763C81F4239E7E2800C93350 /* SWRevealViewController.m */; };
		763C81F8239E7FFD00C93350 /* MainVC.swift in Sources */ = {isa = PBXBuildFile; fileRef = 763C81F7239E7FFD00C93350 /* MainVC.swift */; };
		763C81FA239E812500C93350 /* SideBarVC.swift in Sources */ = {isa = PBXBuildFile; fileRef = 763C81F9239E812500C93350 /* SideBarVC.swift */; };
		766E07DA23AB6CD30065948E /* ContentVC.swift in Sources */ = {isa = PBXBuildFile; fileRef = 766E07D923AB6CD30065948E /* ContentVC.swift */; };
		76859B5423C2C0E10066B5CF /* ArticleCell.swift in Sources */ = {isa = PBXBuildFile; fileRef = 76859B5323C2C0E10066B5CF /* ArticleCell.swift */; };
		7693BD3A23ACB023000C5963 /* utils.swift in Sources */ = {isa = PBXBuildFile; fileRef = 7693BD3923ACB023000C5963 /* utils.swift */; };
		76948D2423C83055009C0F67 /* SettingCell.swift in Sources */ = {isa = PBXBuildFile; fileRef = 76948D2323C83055009C0F67 /* SettingCell.swift */; };
		76948D2623C83076009C0F67 /* SettingVC.swift in Sources */ = {isa = PBXBuildFile; fileRef = 76948D2523C83076009C0F67 /* SettingVC.swift */; };
		76958A19239CDC3100770439 /* AppDelegate.swift in Sources */ = {isa = PBXBuildFile; fileRef = 76958A18239CDC3100770439 /* AppDelegate.swift */; };
		76958A1B239CDC3100770439 /* SceneDelegate.swift in Sources */ = {isa = PBXBuildFile; fileRef = 76958A1A239CDC3100770439 /* SceneDelegate.swift */; };
		76958A1D239CDC3100770439 /* ViewController.swift in Sources */ = {isa = PBXBuildFile; fileRef = 76958A1C239CDC3100770439 /* ViewController.swift */; };
		76958A20239CDC3100770439 /* Main.storyboard in Resources */ = {isa = PBXBuildFile; fileRef = 76958A1E239CDC3100770439 /* Main.storyboard */; };
		76958A23239CDC3100770439 /* catchup.xcdatamodeld in Sources */ = {isa = PBXBuildFile; fileRef = 76958A21239CDC3100770439 /* catchup.xcdatamodeld */; };
		76958A25239CDC3300770439 /* Assets.xcassets in Resources */ = {isa = PBXBuildFile; fileRef = 76958A24239CDC3300770439 /* Assets.xcassets */; };
		76958A28239CDC3300770439 /* LaunchScreen.storyboard in Resources */ = {isa = PBXBuildFile; fileRef = 76958A26239CDC3300770439 /* LaunchScreen.storyboard */; };
		76A94BDA23CC306C00BB6937 /* BoonVC.swift in Sources */ = {isa = PBXBuildFile; fileRef = 76A94BD923CC306C00BB6937 /* BoonVC.swift */; };
		76A94BDC23CC316800BB6937 /* BoonCell.swift in Sources */ = {isa = PBXBuildFile; fileRef = 76A94BDB23CC316800BB6937 /* BoonCell.swift */; };
		76A94BDE23CC52BB00BB6937 /* BoonContentManager.swift in Sources */ = {isa = PBXBuildFile; fileRef = 76A94BDD23CC52BB00BB6937 /* BoonContentManager.swift */; };
		76ABE30623F139D300CD5847 /* BoonViewVC.swift in Sources */ = {isa = PBXBuildFile; fileRef = 76ABE30523F139D300CD5847 /* BoonViewVC.swift */; };
		76AC1AE423F52B2E009F5C5D /* TabbarBoonVC.swift in Sources */ = {isa = PBXBuildFile; fileRef = 76AC1AE323F52B2E009F5C5D /* TabbarBoonVC.swift */; };
		76B733A023D814AF00789B42 /* ON I고딕.ttf in Resources */ = {isa = PBXBuildFile; fileRef = 76B7339D23D8149700789B42 /* ON I고딕.ttf */; };
		76B733A223D8187700789B42 /* Cafe24Danjunghae.ttf in Resources */ = {isa = PBXBuildFile; fileRef = 76B733A123D8187500789B42 /* Cafe24Danjunghae.ttf */; };
		76B733A423D8302700789B42 /* TabbarVC.swift in Sources */ = {isa = PBXBuildFile; fileRef = 76B733A323D8302700789B42 /* TabbarVC.swift */; };
		76C7A05C23E80AF0003B20BF /* NetworkManager.swift in Sources */ = {isa = PBXBuildFile; fileRef = 76C7A05B23E80AF0003B20BF /* NetworkManager.swift */; };
		76F11B7123CECA2F004E9ADA /* GoogleService-Info.plist in Resources */ = {isa = PBXBuildFile; fileRef = 76F11B7023CECA2F004E9ADA /* GoogleService-Info.plist */; };
		76F11B7323CECC8F004E9ADA /* RemoteConfigDefaults.plist in Resources */ = {isa = PBXBuildFile; fileRef = 76F11B7223CECC8F004E9ADA /* RemoteConfigDefaults.plist */; };
/* End PBXBuildFile section */

/* Begin PBXFileReference section */
		67A2CCAC20B990BF9DBC137C /* Pods_catchup.framework */ = {isa = PBXFileReference; explicitFileType = wrapper.framework; includeInIndex = 0; path = Pods_catchup.framework; sourceTree = BUILT_PRODUCTS_DIR; };
		7604609723C6DD170022A062 /* MainContentManager.swift */ = {isa = PBXFileReference; lastKnownFileType = sourcecode.swift; path = MainContentManager.swift; sourceTree = "<group>"; };
		7604609923C6E1E90022A062 /* CommunityContentManager.swift */ = {isa = PBXFileReference; lastKnownFileType = sourcecode.swift; path = CommunityContentManager.swift; sourceTree = "<group>"; };
		7604609D23C6E5880022A062 /* CommunityVC.swift */ = {isa = PBXFileReference; lastKnownFileType = sourcecode.swift; path = CommunityVC.swift; sourceTree = "<group>"; };
		760EF81F23BDB4130092FE7A /* KeywordCell.swift */ = {isa = PBXFileReference; lastKnownFileType = sourcecode.swift; path = KeywordCell.swift; sourceTree = "<group>"; };
		763C81F3239E7E2800C93350 /* catchup-Bridging-Header.h */ = {isa = PBXFileReference; lastKnownFileType = sourcecode.c.h; path = "catchup-Bridging-Header.h"; sourceTree = "<group>"; };
		763C81F4239E7E2800C93350 /* SWRevealViewController.m */ = {isa = PBXFileReference; fileEncoding = 4; lastKnownFileType = sourcecode.c.objc; path = SWRevealViewController.m; sourceTree = "<group>"; };
		763C81F5239E7E2900C93350 /* SWRevealViewController.h */ = {isa = PBXFileReference; fileEncoding = 4; lastKnownFileType = sourcecode.c.h; path = SWRevealViewController.h; sourceTree = "<group>"; };
		763C81F7239E7FFD00C93350 /* MainVC.swift */ = {isa = PBXFileReference; lastKnownFileType = sourcecode.swift; path = MainVC.swift; sourceTree = "<group>"; };
		763C81F9239E812500C93350 /* SideBarVC.swift */ = {isa = PBXFileReference; lastKnownFileType = sourcecode.swift; path = SideBarVC.swift; sourceTree = "<group>"; };
		766E07D923AB6CD30065948E /* ContentVC.swift */ = {isa = PBXFileReference; lastKnownFileType = sourcecode.swift; path = ContentVC.swift; sourceTree = "<group>"; };
		76859B5323C2C0E10066B5CF /* ArticleCell.swift */ = {isa = PBXFileReference; lastKnownFileType = sourcecode.swift; path = ArticleCell.swift; sourceTree = "<group>"; };
		7693BD3923ACB023000C5963 /* utils.swift */ = {isa = PBXFileReference; lastKnownFileType = sourcecode.swift; path = utils.swift; sourceTree = "<group>"; };
		76948D2323C83055009C0F67 /* SettingCell.swift */ = {isa = PBXFileReference; lastKnownFileType = sourcecode.swift; path = SettingCell.swift; sourceTree = "<group>"; };
		76948D2523C83076009C0F67 /* SettingVC.swift */ = {isa = PBXFileReference; lastKnownFileType = sourcecode.swift; path = SettingVC.swift; sourceTree = "<group>"; };
		76958A15239CDC3100770439 /* catchup.app */ = {isa = PBXFileReference; explicitFileType = wrapper.application; includeInIndex = 0; path = catchup.app; sourceTree = BUILT_PRODUCTS_DIR; };
		76958A18239CDC3100770439 /* AppDelegate.swift */ = {isa = PBXFileReference; lastKnownFileType = sourcecode.swift; path = AppDelegate.swift; sourceTree = "<group>"; };
		76958A1A239CDC3100770439 /* SceneDelegate.swift */ = {isa = PBXFileReference; lastKnownFileType = sourcecode.swift; path = SceneDelegate.swift; sourceTree = "<group>"; };
		76958A1C239CDC3100770439 /* ViewController.swift */ = {isa = PBXFileReference; lastKnownFileType = sourcecode.swift; path = ViewController.swift; sourceTree = "<group>"; };
		76958A1F239CDC3100770439 /* Base */ = {isa = PBXFileReference; lastKnownFileType = file.storyboard; name = Base; path = Base.lproj/Main.storyboard; sourceTree = "<group>"; };
		76958A22239CDC3100770439 /* catchup.xcdatamodel */ = {isa = PBXFileReference; lastKnownFileType = wrapper.xcdatamodel; path = catchup.xcdatamodel; sourceTree = "<group>"; };
		76958A24239CDC3300770439 /* Assets.xcassets */ = {isa = PBXFileReference; lastKnownFileType = folder.assetcatalog; path = Assets.xcassets; sourceTree = "<group>"; };
		76958A27239CDC3300770439 /* Base */ = {isa = PBXFileReference; lastKnownFileType = file.storyboard; name = Base; path = Base.lproj/LaunchScreen.storyboard; sourceTree = "<group>"; };
		76958A29239CDC3300770439 /* Info.plist */ = {isa = PBXFileReference; lastKnownFileType = text.plist.xml; path = Info.plist; sourceTree = "<group>"; };
		76A94BD923CC306C00BB6937 /* BoonVC.swift */ = {isa = PBXFileReference; lastKnownFileType = sourcecode.swift; path = BoonVC.swift; sourceTree = "<group>"; };
		76A94BDB23CC316800BB6937 /* BoonCell.swift */ = {isa = PBXFileReference; lastKnownFileType = sourcecode.swift; path = BoonCell.swift; sourceTree = "<group>"; };
		76A94BDD23CC52BB00BB6937 /* BoonContentManager.swift */ = {isa = PBXFileReference; lastKnownFileType = sourcecode.swift; path = BoonContentManager.swift; sourceTree = "<group>"; };
		76ABE30523F139D300CD5847 /* BoonViewVC.swift */ = {isa = PBXFileReference; lastKnownFileType = sourcecode.swift; path = BoonViewVC.swift; sourceTree = "<group>"; };
		76AC1AE323F52B2E009F5C5D /* TabbarBoonVC.swift */ = {isa = PBXFileReference; lastKnownFileType = sourcecode.swift; path = TabbarBoonVC.swift; sourceTree = "<group>"; };
		76B7339D23D8149700789B42 /* ON I고딕.ttf */ = {isa = PBXFileReference; lastKnownFileType = file; path = "ON I고딕.ttf"; sourceTree = "<group>"; };
		76B733A123D8187500789B42 /* Cafe24Danjunghae.ttf */ = {isa = PBXFileReference; lastKnownFileType = file; path = Cafe24Danjunghae.ttf; sourceTree = "<group>"; };
		76B733A323D8302700789B42 /* TabbarVC.swift */ = {isa = PBXFileReference; lastKnownFileType = sourcecode.swift; path = TabbarVC.swift; sourceTree = "<group>"; };
		76C7A05B23E80AF0003B20BF /* NetworkManager.swift */ = {isa = PBXFileReference; lastKnownFileType = sourcecode.swift; path = NetworkManager.swift; sourceTree = "<group>"; };
		76F11B7023CECA2F004E9ADA /* GoogleService-Info.plist */ = {isa = PBXFileReference; fileEncoding = 4; lastKnownFileType = text.plist.xml; path = "GoogleService-Info.plist"; sourceTree = "<group>"; };
		76F11B7223CECC8F004E9ADA /* RemoteConfigDefaults.plist */ = {isa = PBXFileReference; fileEncoding = 4; lastKnownFileType = text.plist.xml; path = RemoteConfigDefaults.plist; sourceTree = "<group>"; };
		B4E0547AC9DCD8B6726FE69E /* Pods-catchup.release.xcconfig */ = {isa = PBXFileReference; includeInIndex = 1; lastKnownFileType = text.xcconfig; name = "Pods-catchup.release.xcconfig"; path = "Target Support Files/Pods-catchup/Pods-catchup.release.xcconfig"; sourceTree = "<group>"; };
		E7A55A972EC5786BAB089C8B /* Pods-catchup.debug.xcconfig */ = {isa = PBXFileReference; includeInIndex = 1; lastKnownFileType = text.xcconfig; name = "Pods-catchup.debug.xcconfig"; path = "Target Support Files/Pods-catchup/Pods-catchup.debug.xcconfig"; sourceTree = "<group>"; };
/* End PBXFileReference section */

/* Begin PBXFrameworksBuildPhase section */
		76958A12239CDC3100770439 /* Frameworks */ = {
			isa = PBXFrameworksBuildPhase;
			buildActionMask = 2147483647;
			files = (
				4C6379A6D2ABD5E75315AB34 /* Pods_catchup.framework in Frameworks */,
			);
			runOnlyForDeploymentPostprocessing = 0;
		};
/* End PBXFrameworksBuildPhase section */

/* Begin PBXGroup section */
		46F084CE78A13590423576D1 /* Pods */ = {
			isa = PBXGroup;
			children = (
				E7A55A972EC5786BAB089C8B /* Pods-catchup.debug.xcconfig */,
				B4E0547AC9DCD8B6726FE69E /* Pods-catchup.release.xcconfig */,
			);
			path = Pods;
			sourceTree = "<group>";
		};
		7609586C23E93EC700C8D9D0 /* Story Board */ = {
			isa = PBXGroup;
			children = (
				76958A1E239CDC3100770439 /* Main.storyboard */,
			);
			name = "Story Board";
			sourceTree = "<group>";
		};
		76958A0C239CDC3100770439 = {
			isa = PBXGroup;
			children = (
				76958A17239CDC3100770439 /* catchup */,
				76958A16239CDC3100770439 /* Products */,
				46F084CE78A13590423576D1 /* Pods */,
				EC1B415DD9C16785B3BD536F /* Frameworks */,
			);
			sourceTree = "<group>";
		};
		76958A16239CDC3100770439 /* Products */ = {
			isa = PBXGroup;
			children = (
				76958A15239CDC3100770439 /* catchup.app */,
			);
			name = Products;
			sourceTree = "<group>";
		};
		76958A17239CDC3100770439 /* catchup */ = {
			isa = PBXGroup;
			children = (
				7609586C23E93EC700C8D9D0 /* Story Board */,
				76B7339C23D8148800789B42 /* Sources */,
				76A82A9623CD8EDA002BC687 /* ViewController */,
				76A82A9523CD8EC1002BC687 /* ContentManager */,
				76A82A9223CD8E91002BC687 /* Util */,
				76A82A9123CD8E68002BC687 /* Cell */,
				76A82A9023CD8E4F002BC687 /* Layout */,
				763C81F5239E7E2900C93350 /* SWRevealViewController.h */,
				76958A18239CDC3100770439 /* AppDelegate.swift */,
				76958A1A239CDC3100770439 /* SceneDelegate.swift */,
				763C81F4239E7E2800C93350 /* SWRevealViewController.m */,
				76958A24239CDC3300770439 /* Assets.xcassets */,
				76958A26239CDC3300770439 /* LaunchScreen.storyboard */,
				76958A29239CDC3300770439 /* Info.plist */,
				76958A21239CDC3100770439 /* catchup.xcdatamodeld */,
				763C81F3239E7E2800C93350 /* catchup-Bridging-Header.h */,
				76F11B7023CECA2F004E9ADA /* GoogleService-Info.plist */,
				76F11B7223CECC8F004E9ADA /* RemoteConfigDefaults.plist */,
				76C7A05B23E80AF0003B20BF /* NetworkManager.swift */,
			);
			path = catchup;
			sourceTree = "<group>";
		};
		76A82A9023CD8E4F002BC687 /* Layout */ = {
			isa = PBXGroup;
			children = (
			);
			name = Layout;
			sourceTree = "<group>";
		};
		76A82A9123CD8E68002BC687 /* Cell */ = {
			isa = PBXGroup;
			children = (
				760EF81F23BDB4130092FE7A /* KeywordCell.swift */,
				76859B5323C2C0E10066B5CF /* ArticleCell.swift */,
				76948D2323C83055009C0F67 /* SettingCell.swift */,
				76A94BDB23CC316800BB6937 /* BoonCell.swift */,
			);
			name = Cell;
			sourceTree = "<group>";
		};
		76A82A9223CD8E91002BC687 /* Util */ = {
			isa = PBXGroup;
			children = (
				7693BD3923ACB023000C5963 /* utils.swift */,
			);
			name = Util;
			sourceTree = "<group>";
		};
		76A82A9523CD8EC1002BC687 /* ContentManager */ = {
			isa = PBXGroup;
			children = (
				7604609723C6DD170022A062 /* MainContentManager.swift */,
				7604609923C6E1E90022A062 /* CommunityContentManager.swift */,
				76A94BDD23CC52BB00BB6937 /* BoonContentManager.swift */,
			);
			name = ContentManager;
			sourceTree = "<group>";
		};
		76A82A9623CD8EDA002BC687 /* ViewController */ = {
			isa = PBXGroup;
			children = (
				76B733A323D8302700789B42 /* TabbarVC.swift */,
				76AC1AE323F52B2E009F5C5D /* TabbarBoonVC.swift */,
				76958A1C239CDC3100770439 /* ViewController.swift */,
				763C81F7239E7FFD00C93350 /* MainVC.swift */,
				763C81F9239E812500C93350 /* SideBarVC.swift */,
				766E07D923AB6CD30065948E /* ContentVC.swift */,
				7604609D23C6E5880022A062 /* CommunityVC.swift */,
				76948D2523C83076009C0F67 /* SettingVC.swift */,
				76A94BD923CC306C00BB6937 /* BoonVC.swift */,
				76ABE30523F139D300CD5847 /* BoonViewVC.swift */,
			);
			name = ViewController;
			sourceTree = "<group>";
		};
		76B7339C23D8148800789B42 /* Sources */ = {
			isa = PBXGroup;
			children = (
				76B7339D23D8149700789B42 /* ON I고딕.ttf */,
				76B733A123D8187500789B42 /* Cafe24Danjunghae.ttf */,
			);
			name = Sources;
			sourceTree = "<group>";
		};
		EC1B415DD9C16785B3BD536F /* Frameworks */ = {
			isa = PBXGroup;
			children = (
				67A2CCAC20B990BF9DBC137C /* Pods_catchup.framework */,
			);
			name = Frameworks;
			sourceTree = "<group>";
		};
/* End PBXGroup section */

/* Begin PBXNativeTarget section */
		76958A14239CDC3100770439 /* catchup */ = {
			isa = PBXNativeTarget;
			buildConfigurationList = 76958A2C239CDC3300770439 /* Build configuration list for PBXNativeTarget "catchup" */;
			buildPhases = (
				4A88943EEB28D22A0755A847 /* [CP] Check Pods Manifest.lock */,
				76958A11239CDC3100770439 /* Sources */,
				76958A12239CDC3100770439 /* Frameworks */,
				76958A13239CDC3100770439 /* Resources */,
				488F7016483ABA16EFA05ED9 /* [CP] Embed Pods Frameworks */,
			);
			buildRules = (
			);
			dependencies = (
			);
			name = catchup;
			productName = catchup;
			productReference = 76958A15239CDC3100770439 /* catchup.app */;
			productType = "com.apple.product-type.application";
		};
/* End PBXNativeTarget section */

/* Begin PBXProject section */
		76958A0D239CDC3100770439 /* Project object */ = {
			isa = PBXProject;
			attributes = {
				LastSwiftUpdateCheck = 1120;
				LastUpgradeCheck = 1120;
				ORGANIZATIONNAME = PJW;
				TargetAttributes = {
					76958A14239CDC3100770439 = {
						CreatedOnToolsVersion = 11.2.1;
						LastSwiftMigration = 1120;
					};
				};
			};
			buildConfigurationList = 76958A10239CDC3100770439 /* Build configuration list for PBXProject "catchup" */;
			compatibilityVersion = "Xcode 9.3";
			developmentRegion = en;
			hasScannedForEncodings = 0;
			knownRegions = (
				en,
				Base,
			);
			mainGroup = 76958A0C239CDC3100770439;
			productRefGroup = 76958A16239CDC3100770439 /* Products */;
			projectDirPath = "";
			projectRoot = "";
			targets = (
				76958A14239CDC3100770439 /* catchup */,
			);
		};
/* End PBXProject section */

/* Begin PBXResourcesBuildPhase section */
		76958A13239CDC3100770439 /* Resources */ = {
			isa = PBXResourcesBuildPhase;
			buildActionMask = 2147483647;
			files = (
				76958A28239CDC3300770439 /* LaunchScreen.storyboard in Resources */,
				76F11B7323CECC8F004E9ADA /* RemoteConfigDefaults.plist in Resources */,
				76B733A223D8187700789B42 /* Cafe24Danjunghae.ttf in Resources */,
				76B733A023D814AF00789B42 /* ON I고딕.ttf in Resources */,
				76F11B7123CECA2F004E9ADA /* GoogleService-Info.plist in Resources */,
				76958A25239CDC3300770439 /* Assets.xcassets in Resources */,
				76958A20239CDC3100770439 /* Main.storyboard in Resources */,
			);
			runOnlyForDeploymentPostprocessing = 0;
		};
/* End PBXResourcesBuildPhase section */

/* Begin PBXShellScriptBuildPhase section */
		488F7016483ABA16EFA05ED9 /* [CP] Embed Pods Frameworks */ = {
			isa = PBXShellScriptBuildPhase;
			buildActionMask = 2147483647;
			files = (
			);
			inputFileListPaths = (
				"${PODS_ROOT}/Target Support Files/Pods-catchup/Pods-catchup-frameworks-${CONFIGURATION}-input-files.xcfilelist",
			);
			name = "[CP] Embed Pods Frameworks";
			outputFileListPaths = (
				"${PODS_ROOT}/Target Support Files/Pods-catchup/Pods-catchup-frameworks-${CONFIGURATION}-output-files.xcfilelist",
			);
			runOnlyForDeploymentPostprocessing = 0;
			shellPath = /bin/sh;
			shellScript = "\"${PODS_ROOT}/Target Support Files/Pods-catchup/Pods-catchup-frameworks.sh\"\n";
			showEnvVarsInLog = 0;
		};
		4A88943EEB28D22A0755A847 /* [CP] Check Pods Manifest.lock */ = {
			isa = PBXShellScriptBuildPhase;
			buildActionMask = 2147483647;
			files = (
			);
			inputFileListPaths = (
			);
			inputPaths = (
				"${PODS_PODFILE_DIR_PATH}/Podfile.lock",
				"${PODS_ROOT}/Manifest.lock",
			);
			name = "[CP] Check Pods Manifest.lock";
			outputFileListPaths = (
			);
			outputPaths = (
				"$(DERIVED_FILE_DIR)/Pods-catchup-checkManifestLockResult.txt",
			);
			runOnlyForDeploymentPostprocessing = 0;
			shellPath = /bin/sh;
			shellScript = "diff \"${PODS_PODFILE_DIR_PATH}/Podfile.lock\" \"${PODS_ROOT}/Manifest.lock\" > /dev/null\nif [ $? != 0 ] ; then\n    # print error to STDERR\n    echo \"error: The sandbox is not in sync with the Podfile.lock. Run 'pod install' or update your CocoaPods installation.\" >&2\n    exit 1\nfi\n# This output is used by Xcode 'outputs' to avoid re-running this script phase.\necho \"SUCCESS\" > \"${SCRIPT_OUTPUT_FILE_0}\"\n";
			showEnvVarsInLog = 0;
		};
/* End PBXShellScriptBuildPhase section */

/* Begin PBXSourcesBuildPhase section */
		76958A11239CDC3100770439 /* Sources */ = {
			isa = PBXSourcesBuildPhase;
			buildActionMask = 2147483647;
			files = (
				76948D2423C83055009C0F67 /* SettingCell.swift in Sources */,
				76948D2623C83076009C0F67 /* SettingVC.swift in Sources */,
				76B733A423D8302700789B42 /* TabbarVC.swift in Sources */,
				76958A23239CDC3100770439 /* catchup.xcdatamodeld in Sources */,
				76C7A05C23E80AF0003B20BF /* NetworkManager.swift in Sources */,
				76A94BDE23CC52BB00BB6937 /* BoonContentManager.swift in Sources */,
				760EF82023BDB4130092FE7A /* KeywordCell.swift in Sources */,
				763C81F8239E7FFD00C93350 /* MainVC.swift in Sources */,
				7604609A23C6E1E90022A062 /* CommunityContentManager.swift in Sources */,
				76958A1D239CDC3100770439 /* ViewController.swift in Sources */,
				763C81F6239E7E2900C93350 /* SWRevealViewController.m in Sources */,
				76859B5423C2C0E10066B5CF /* ArticleCell.swift in Sources */,
				76A94BDA23CC306C00BB6937 /* BoonVC.swift in Sources */,
				7604609823C6DD170022A062 /* MainContentManager.swift in Sources */,
				7604609E23C6E5880022A062 /* CommunityVC.swift in Sources */,
				7693BD3A23ACB023000C5963 /* utils.swift in Sources */,
				766E07DA23AB6CD30065948E /* ContentVC.swift in Sources */,
				763C81FA239E812500C93350 /* SideBarVC.swift in Sources */,
				76A94BDC23CC316800BB6937 /* BoonCell.swift in Sources */,
				76AC1AE423F52B2E009F5C5D /* TabbarBoonVC.swift in Sources */,
				76958A19239CDC3100770439 /* AppDelegate.swift in Sources */,
				76958A1B239CDC3100770439 /* SceneDelegate.swift in Sources */,
				76ABE30623F139D300CD5847 /* BoonViewVC.swift in Sources */,
			);
			runOnlyForDeploymentPostprocessing = 0;
		};
/* End PBXSourcesBuildPhase section */

/* Begin PBXVariantGroup section */
		76958A1E239CDC3100770439 /* Main.storyboard */ = {
			isa = PBXVariantGroup;
			children = (
				76958A1F239CDC3100770439 /* Base */,
			);
			name = Main.storyboard;
			sourceTree = "<group>";
		};
		76958A26239CDC3300770439 /* LaunchScreen.storyboard */ = {
			isa = PBXVariantGroup;
			children = (
				76958A27239CDC3300770439 /* Base */,
			);
			name = LaunchScreen.storyboard;
			sourceTree = "<group>";
		};
/* End PBXVariantGroup section */

/* Begin XCBuildConfiguration section */
		76958A2A239CDC3300770439 /* Debug */ = {
			isa = XCBuildConfiguration;
			buildSettings = {
				ALWAYS_SEARCH_USER_PATHS = NO;
				CLANG_ANALYZER_NONNULL = YES;
				CLANG_ANALYZER_NUMBER_OBJECT_CONVERSION = YES_AGGRESSIVE;
				CLANG_CXX_LANGUAGE_STANDARD = "gnu++14";
				CLANG_CXX_LIBRARY = "libc++";
				CLANG_ENABLE_MODULES = YES;
				CLANG_ENABLE_OBJC_ARC = YES;
				CLANG_ENABLE_OBJC_WEAK = YES;
				CLANG_WARN_BLOCK_CAPTURE_AUTORELEASING = YES;
				CLANG_WARN_BOOL_CONVERSION = YES;
				CLANG_WARN_COMMA = YES;
				CLANG_WARN_CONSTANT_CONVERSION = YES;
				CLANG_WARN_DEPRECATED_OBJC_IMPLEMENTATIONS = YES;
				CLANG_WARN_DIRECT_OBJC_ISA_USAGE = YES_ERROR;
				CLANG_WARN_DOCUMENTATION_COMMENTS = YES;
				CLANG_WARN_EMPTY_BODY = YES;
				CLANG_WARN_ENUM_CONVERSION = YES;
				CLANG_WARN_INFINITE_RECURSION = YES;
				CLANG_WARN_INT_CONVERSION = YES;
				CLANG_WARN_NON_LITERAL_NULL_CONVERSION = YES;
				CLANG_WARN_OBJC_IMPLICIT_RETAIN_SELF = YES;
				CLANG_WARN_OBJC_LITERAL_CONVERSION = YES;
				CLANG_WARN_OBJC_ROOT_CLASS = YES_ERROR;
				CLANG_WARN_RANGE_LOOP_ANALYSIS = YES;
				CLANG_WARN_STRICT_PROTOTYPES = YES;
				CLANG_WARN_SUSPICIOUS_MOVE = YES;
				CLANG_WARN_UNGUARDED_AVAILABILITY = YES_AGGRESSIVE;
				CLANG_WARN_UNREACHABLE_CODE = YES;
				CLANG_WARN__DUPLICATE_METHOD_MATCH = YES;
				COPY_PHASE_STRIP = NO;
				DEBUG_INFORMATION_FORMAT = dwarf;
				ENABLE_STRICT_OBJC_MSGSEND = YES;
				ENABLE_TESTABILITY = YES;
				GCC_C_LANGUAGE_STANDARD = gnu11;
				GCC_DYNAMIC_NO_PIC = NO;
				GCC_NO_COMMON_BLOCKS = YES;
				GCC_OPTIMIZATION_LEVEL = 0;
				GCC_PREPROCESSOR_DEFINITIONS = (
					"DEBUG=1",
					"$(inherited)",
				);
				GCC_WARN_64_TO_32_BIT_CONVERSION = YES;
				GCC_WARN_ABOUT_RETURN_TYPE = YES_ERROR;
				GCC_WARN_UNDECLARED_SELECTOR = YES;
				GCC_WARN_UNINITIALIZED_AUTOS = YES_AGGRESSIVE;
				GCC_WARN_UNUSED_FUNCTION = YES;
				GCC_WARN_UNUSED_VARIABLE = YES;
				IPHONEOS_DEPLOYMENT_TARGET = 13.2;
				MTL_ENABLE_DEBUG_INFO = INCLUDE_SOURCE;
				MTL_FAST_MATH = YES;
				ONLY_ACTIVE_ARCH = YES;
				SDKROOT = iphoneos;
				SWIFT_ACTIVE_COMPILATION_CONDITIONS = DEBUG;
				SWIFT_OPTIMIZATION_LEVEL = "-Onone";
			};
			name = Debug;
		};
		76958A2B239CDC3300770439 /* Release */ = {
			isa = XCBuildConfiguration;
			buildSettings = {
				ALWAYS_SEARCH_USER_PATHS = NO;
				CLANG_ANALYZER_NONNULL = YES;
				CLANG_ANALYZER_NUMBER_OBJECT_CONVERSION = YES_AGGRESSIVE;
				CLANG_CXX_LANGUAGE_STANDARD = "gnu++14";
				CLANG_CXX_LIBRARY = "libc++";
				CLANG_ENABLE_MODULES = YES;
				CLANG_ENABLE_OBJC_ARC = YES;
				CLANG_ENABLE_OBJC_WEAK = YES;
				CLANG_WARN_BLOCK_CAPTURE_AUTORELEASING = YES;
				CLANG_WARN_BOOL_CONVERSION = YES;
				CLANG_WARN_COMMA = YES;
				CLANG_WARN_CONSTANT_CONVERSION = YES;
				CLANG_WARN_DEPRECATED_OBJC_IMPLEMENTATIONS = YES;
				CLANG_WARN_DIRECT_OBJC_ISA_USAGE = YES_ERROR;
				CLANG_WARN_DOCUMENTATION_COMMENTS = YES;
				CLANG_WARN_EMPTY_BODY = YES;
				CLANG_WARN_ENUM_CONVERSION = YES;
				CLANG_WARN_INFINITE_RECURSION = YES;
				CLANG_WARN_INT_CONVERSION = YES;
				CLANG_WARN_NON_LITERAL_NULL_CONVERSION = YES;
				CLANG_WARN_OBJC_IMPLICIT_RETAIN_SELF = YES;
				CLANG_WARN_OBJC_LITERAL_CONVERSION = YES;
				CLANG_WARN_OBJC_ROOT_CLASS = YES_ERROR;
				CLANG_WARN_RANGE_LOOP_ANALYSIS = YES;
				CLANG_WARN_STRICT_PROTOTYPES = YES;
				CLANG_WARN_SUSPICIOUS_MOVE = YES;
				CLANG_WARN_UNGUARDED_AVAILABILITY = YES_AGGRESSIVE;
				CLANG_WARN_UNREACHABLE_CODE = YES;
				CLANG_WARN__DUPLICATE_METHOD_MATCH = YES;
				COPY_PHASE_STRIP = NO;
				DEBUG_INFORMATION_FORMAT = "dwarf-with-dsym";
				ENABLE_NS_ASSERTIONS = NO;
				ENABLE_STRICT_OBJC_MSGSEND = YES;
				GCC_C_LANGUAGE_STANDARD = gnu11;
				GCC_NO_COMMON_BLOCKS = YES;
				GCC_WARN_64_TO_32_BIT_CONVERSION = YES;
				GCC_WARN_ABOUT_RETURN_TYPE = YES_ERROR;
				GCC_WARN_UNDECLARED_SELECTOR = YES;
				GCC_WARN_UNINITIALIZED_AUTOS = YES_AGGRESSIVE;
				GCC_WARN_UNUSED_FUNCTION = YES;
				GCC_WARN_UNUSED_VARIABLE = YES;
				IPHONEOS_DEPLOYMENT_TARGET = 13.2;
				MTL_ENABLE_DEBUG_INFO = NO;
				MTL_FAST_MATH = YES;
				SDKROOT = iphoneos;
				SWIFT_COMPILATION_MODE = wholemodule;
				SWIFT_OPTIMIZATION_LEVEL = "-O";
				VALIDATE_PRODUCT = YES;
			};
			name = Release;
		};
		76958A2D239CDC3300770439 /* Debug */ = {
			isa = XCBuildConfiguration;
			baseConfigurationReference = E7A55A972EC5786BAB089C8B /* Pods-catchup.debug.xcconfig */;
			buildSettings = {
				ASSETCATALOG_COMPILER_APPICON_NAME = AppIcon;
				CLANG_ENABLE_MODULES = YES;
				CODE_SIGN_STYLE = Automatic;
				DEVELOPMENT_TEAM = WH4AQ68Y57;
				INFOPLIST_FILE = catchup/Info.plist;
				IPHONEOS_DEPLOYMENT_TARGET = 13.2;
				LD_RUNPATH_SEARCH_PATHS = (
					"$(inherited)",
					"@executable_path/Frameworks",
				);
				PRODUCT_BUNDLE_IDENTIFIER = PJW.catchup;
				PRODUCT_NAME = "$(TARGET_NAME)";
				SWIFT_OBJC_BRIDGING_HEADER = "catchup/catchup-Bridging-Header.h";
				SWIFT_OPTIMIZATION_LEVEL = "-Onone";
				SWIFT_VERSION = 5.0;
				TARGETED_DEVICE_FAMILY = "1,2";
			};
			name = Debug;
		};
		76958A2E239CDC3300770439 /* Release */ = {
			isa = XCBuildConfiguration;
			baseConfigurationReference = B4E0547AC9DCD8B6726FE69E /* Pods-catchup.release.xcconfig */;
			buildSettings = {
				ASSETCATALOG_COMPILER_APPICON_NAME = AppIcon;
				CLANG_ENABLE_MODULES = YES;
				CODE_SIGN_STYLE = Automatic;
				DEVELOPMENT_TEAM = WH4AQ68Y57;
				INFOPLIST_FILE = catchup/Info.plist;
				IPHONEOS_DEPLOYMENT_TARGET = 13.2;
				LD_RUNPATH_SEARCH_PATHS = (
					"$(inherited)",
					"@executable_path/Frameworks",
				);
				PRODUCT_BUNDLE_IDENTIFIER = PJW.catchup;
				PRODUCT_NAME = "$(TARGET_NAME)";
				SWIFT_OBJC_BRIDGING_HEADER = "catchup/catchup-Bridging-Header.h";
				SWIFT_VERSION = 5.0;
				TARGETED_DEVICE_FAMILY = "1,2";
			};
			name = Release;
		};
/* End XCBuildConfiguration section */

/* Begin XCConfigurationList section */
		76958A10239CDC3100770439 /* Build configuration list for PBXProject "catchup" */ = {
			isa = XCConfigurationList;
			buildConfigurations = (
				76958A2A239CDC3300770439 /* Debug */,
				76958A2B239CDC3300770439 /* Release */,
			);
			defaultConfigurationIsVisible = 0;
			defaultConfigurationName = Release;
		};
		76958A2C239CDC3300770439 /* Build configuration list for PBXNativeTarget "catchup" */ = {
			isa = XCConfigurationList;
			buildConfigurations = (
				76958A2D239CDC3300770439 /* Debug */,
				76958A2E239CDC3300770439 /* Release */,
			);
			defaultConfigurationIsVisible = 0;
			defaultConfigurationName = Release;
		};
/* End XCConfigurationList section */

/* Begin XCVersionGroup section */
		76958A21239CDC3100770439 /* catchup.xcdatamodeld */ = {
			isa = XCVersionGroup;
			children = (
				76958A22239CDC3100770439 /* catchup.xcdatamodel */,
			);
			currentVersion = 76958A22239CDC3100770439 /* catchup.xcdatamodel */;
			path = catchup.xcdatamodeld;
			sourceTree = "<group>";
			versionGroupType = wrapper.xcdatamodel;
		};
/* End XCVersionGroup section */
	};
	rootObject = 76958A0D239CDC3100770439 /* Project object */;
}
