// !$*UTF8*$!
{
	archiveVersion = 1;
	classes = {
	};
	objectVersion = 50;
	objects = {

/* Begin PBXBuildFile section */
		76958A19239CDC3100770439 /* AppDelegate.swift in Sources */ = {isa = PBXBuildFile; fileRef = 76958A18239CDC3100770439 /* AppDelegate.swift */; };
		76958A1B239CDC3100770439 /* SceneDelegate.swift in Sources */ = {isa = PBXBuildFile; fileRef = 76958A1A239CDC3100770439 /* SceneDelegate.swift */; };
		76958A1D239CDC3100770439 /* ViewController.swift in Sources */ = {isa = PBXBuildFile; fileRef = 76958A1C239CDC3100770439 /* ViewController.swift */; };
		76958A20239CDC3100770439 /* Main.storyboard in Resources */ = {isa = PBXBuildFile; fileRef = 76958A1E239CDC3100770439 /* Main.storyboard */; };
		76958A23239CDC3100770439 /* catchup.xcdatamodeld in Sources */ = {isa = PBXBuildFile; fileRef = 76958A21239CDC3100770439 /* catchup.xcdatamodeld */; };
		76958A25239CDC3300770439 /* Assets.xcassets in Resources */ = {isa = PBXBuildFile; fileRef = 76958A24239CDC3300770439 /* Assets.xcassets */; };
		76958A28239CDC3300770439 /* LaunchScreen.storyboard in Resources */ = {isa = PBXBuildFile; fileRef = 76958A26239CDC3300770439 /* LaunchScreen.storyboard */; };
/* End PBXBuildFile section */

/* Begin PBXFileReference section */
		76958A15239CDC3100770439 /* catchup.app */ = {isa = PBXFileReference; explicitFileType = wrapper.application; includeInIndex = 0; path = catchup.app; sourceTree = BUILT_PRODUCTS_DIR; };
		76958A18239CDC3100770439 /* AppDelegate.swift */ = {isa = PBXFileReference; lastKnownFileType = sourcecode.swift; path = AppDelegate.swift; sourceTree = "<group>"; };
		76958A1A239CDC3100770439 /* SceneDelegate.swift */ = {isa = PBXFileReference; lastKnownFileType = sourcecode.swift; path = SceneDelegate.swift; sourceTree = "<group>"; };
		76958A1C239CDC3100770439 /* ViewController.swift */ = {isa = PBXFileReference; lastKnownFileType = sourcecode.swift; path = ViewController.swift; sourceTree = "<group>"; };
		76958A1F239CDC3100770439 /* Base */ = {isa = PBXFileReference; lastKnownFileType = file.storyboard; name = Base; path = Base.lproj/Main.storyboard; sourceTree = "<group>"; };
		76958A22239CDC3100770439 /* catchup.xcdatamodel */ = {isa = PBXFileReference; lastKnownFileType = wrapper.xcdatamodel; path = catchup.xcdatamodel; sourceTree = "<group>"; };
		76958A24239CDC3300770439 /* Assets.xcassets */ = {isa = PBXFileReference; lastKnownFileType = folder.assetcatalog; path = Assets.xcassets; sourceTree = "<group>"; };
		76958A27239CDC3300770439 /* Base */ = {isa = PBXFileReference; lastKnownFileType = file.storyboard; name = Base; path = Base.lproj/LaunchScreen.storyboard; sourceTree = "<group>"; };
		76958A29239CDC3300770439 /* Info.plist */ = {isa = PBXFileReference; lastKnownFileType = text.plist.xml; path = Info.plist; sourceTree = "<group>"; };
/* End PBXFileReference section */

/* Begin PBXFrameworksBuildPhase section */
		76958A12239CDC3100770439 /* Frameworks */ = {
			isa = PBXFrameworksBuildPhase;
			buildActionMask = 2147483647;
			files = (
			);
			runOnlyForDeploymentPostprocessing = 0;
		};
/* End PBXFrameworksBuildPhase section */

/* Begin PBXGroup section */
		76958A0C239CDC3100770439 = {
			isa = PBXGroup;
			children = (
				76958A17239CDC3100770439 /* catchup */,
				76958A16239CDC3100770439 /* Products */,
			);
			sourceTree = "<group>";
		};
		76958A16239CDC3100770439 /* Products */ = {
			isa = PBXGroup;
			children = (
				76958A15239CDC3100770439 /* catchup.app */,
			);
			name = Products;
			sourceTree = "<group>";
		};
		76958A17239CDC3100770439 /* catchup */ = {
			isa = PBXGroup;
			children = (
				76958A18239CDC3100770439 /* AppDelegate.swift */,
				76958A1A239CDC3100770439 /* SceneDelegate.swift */,
				76958A1C239CDC3100770439 /* ViewController.swift */,
				76958A1E239CDC3100770439 /* Main.storyboard */,
				76958A24239CDC3300770439 /* Assets.xcassets */,
				76958A26239CDC3300770439 /* LaunchScreen.storyboard */,
				76958A29239CDC3300770439 /* Info.plist */,
				76958A21239CDC3100770439 /* catchup.xcdatamodeld */,
			);
			path = catchup;
			sourceTree = "<group>";
		};
/* End PBXGroup section */

/* Begin PBXNativeTarget section */
		76958A14239CDC3100770439 /* catchup */ = {
			isa = PBXNativeTarget;
			buildConfigurationList = 76958A2C239CDC3300770439 /* Build configuration list for PBXNativeTarget "catchup" */;
			buildPhases = (
				76958A11239CDC3100770439 /* Sources */,
				76958A12239CDC3100770439 /* Frameworks */,
				76958A13239CDC3100770439 /* Resources */,
			);
			buildRules = (
			);
			dependencies = (
			);
			name = catchup;
			productName = catchup;
			productReference = 76958A15239CDC3100770439 /* catchup.app */;
			productType = "com.apple.product-type.application";
		};
/* End PBXNativeTarget section */

/* Begin PBXProject section */
		76958A0D239CDC3100770439 /* Project object */ = {
			isa = PBXProject;
			attributes = {
				LastSwiftUpdateCheck = 1120;
				LastUpgradeCheck = 1120;
				ORGANIZATIONNAME = PJW;
				TargetAttributes = {
					76958A14239CDC3100770439 = {
						CreatedOnToolsVersion = 11.2.1;
					};
				};
			};
			buildConfigurationList = 76958A10239CDC3100770439 /* Build configuration list for PBXProject "catchup" */;
			compatibilityVersion = "Xcode 9.3";
			developmentRegion = en;
			hasScannedForEncodings = 0;
			knownRegions = (
				en,
				Base,
			);
			mainGroup = 76958A0C239CDC3100770439;
			productRefGroup = 76958A16239CDC3100770439 /* Products */;
			projectDirPath = "";
			projectRoot = "";
			targets = (
				76958A14239CDC3100770439 /* catchup */,
			);
		};
/* End PBXProject section */

/* Begin PBXResourcesBuildPhase section */
		76958A13239CDC3100770439 /* Resources */ = {
			isa = PBXResourcesBuildPhase;
			buildActionMask = 2147483647;
			files = (
				76958A28239CDC3300770439 /* LaunchScreen.storyboard in Resources */,
				76958A25239CDC3300770439 /* Assets.xcassets in Resources */,
				76958A20239CDC3100770439 /* Main.storyboard in Resources */,
			);
			runOnlyForDeploymentPostprocessing = 0;
		};
/* End PBXResourcesBuildPhase section */

/* Begin PBXSourcesBuildPhase section */
		76958A11239CDC3100770439 /* Sources */ = {
			isa = PBXSourcesBuildPhase;
			buildActionMask = 2147483647;
			files = (
				76958A23239CDC3100770439 /* catchup.xcdatamodeld in Sources */,
				76958A1D239CDC3100770439 /* ViewController.swift in Sources */,
				76958A19239CDC3100770439 /* AppDelegate.swift in Sources */,
				76958A1B239CDC3100770439 /* SceneDelegate.swift in Sources */,
			);
			runOnlyForDeploymentPostprocessing = 0;
		};
/* End PBXSourcesBuildPhase section */

/* Begin PBXVariantGroup section */
		76958A1E239CDC3100770439 /* Main.storyboard */ = {
			isa = PBXVariantGroup;
			children = (
				76958A1F239CDC3100770439 /* Base */,
			);
			name = Main.storyboard;
			sourceTree = "<group>";
		};
		76958A26239CDC3300770439 /* LaunchScreen.storyboard */ = {
			isa = PBXVariantGroup;
			children = (
				76958A27239CDC3300770439 /* Base */,
			);
			name = LaunchScreen.storyboard;
			sourceTree = "<group>";
		};
/* End PBXVariantGroup section */

/* Begin XCBuildConfiguration section */
		76958A2A239CDC3300770439 /* Debug */ = {
			isa = XCBuildConfiguration;
			buildSettings = {
				ALWAYS_SEARCH_USER_PATHS = NO;
				CLANG_ANALYZER_NONNULL = YES;
				CLANG_ANALYZER_NUMBER_OBJECT_CONVERSION = YES_AGGRESSIVE;
				CLANG_CXX_LANGUAGE_STANDARD = "gnu++14";
				CLANG_CXX_LIBRARY = "libc++";
				CLANG_ENABLE_MODULES = YES;
				CLANG_ENABLE_OBJC_ARC = YES;
				CLANG_ENABLE_OBJC_WEAK = YES;
				CLANG_WARN_BLOCK_CAPTURE_AUTORELEASING = YES;
				CLANG_WARN_BOOL_CONVERSION = YES;
				CLANG_WARN_COMMA = YES;
				CLANG_WARN_CONSTANT_CONVERSION = YES;
				CLANG_WARN_DEPRECATED_OBJC_IMPLEMENTATIONS = YES;
				CLANG_WARN_DIRECT_OBJC_ISA_USAGE = YES_ERROR;
				CLANG_WARN_DOCUMENTATION_COMMENTS = YES;
				CLANG_WARN_EMPTY_BODY = YES;
				CLANG_WARN_ENUM_CONVERSION = YES;
				CLANG_WARN_INFINITE_RECURSION = YES;
				CLANG_WARN_INT_CONVERSION = YES;
				CLANG_WARN_NON_LITERAL_NULL_CONVERSION = YES;
				CLANG_WARN_OBJC_IMPLICIT_RETAIN_SELF = YES;
				CLANG_WARN_OBJC_LITERAL_CONVERSION = YES;
				CLANG_WARN_OBJC_ROOT_CLASS = YES_ERROR;
				CLANG_WARN_RANGE_LOOP_ANALYSIS = YES;
				CLANG_WARN_STRICT_PROTOTYPES = YES;
				CLANG_WARN_SUSPICIOUS_MOVE = YES;
				CLANG_WARN_UNGUARDED_AVAILABILITY = YES_AGGRESSIVE;
				CLANG_WARN_UNREACHABLE_CODE = YES;
				CLANG_WARN__DUPLICATE_METHOD_MATCH = YES;
				COPY_PHASE_STRIP = NO;
				DEBUG_INFORMATION_FORMAT = dwarf;
				ENABLE_STRICT_OBJC_MSGSEND = YES;
				ENABLE_TESTABILITY = YES;
				GCC_C_LANGUAGE_STANDARD = gnu11;
				GCC_DYNAMIC_NO_PIC = NO;
				GCC_NO_COMMON_BLOCKS = YES;
				GCC_OPTIMIZATION_LEVEL = 0;
				GCC_PREPROCESSOR_DEFINITIONS = (
					"DEBUG=1",
					"$(inherited)",
				);
				GCC_WARN_64_TO_32_BIT_CONVERSION = YES;
				GCC_WARN_ABOUT_RETURN_TYPE = YES_ERROR;
				GCC_WARN_UNDECLARED_SELECTOR = YES;
				GCC_WARN_UNINITIALIZED_AUTOS = YES_AGGRESSIVE;
				GCC_WARN_UNUSED_FUNCTION = YES;
				GCC_WARN_UNUSED_VARIABLE = YES;
				IPHONEOS_DEPLOYMENT_TARGET = 13.2;
				MTL_ENABLE_DEBUG_INFO = INCLUDE_SOURCE;
				MTL_FAST_MATH = YES;
				ONLY_ACTIVE_ARCH = YES;
				SDKROOT = iphoneos;
				SWIFT_ACTIVE_COMPILATION_CONDITIONS = DEBUG;
				SWIFT_OPTIMIZATION_LEVEL = "-Onone";
			};
			name = Debug;
		};
		76958A2B239CDC3300770439 /* Release */ = {
			isa = XCBuildConfiguration;
			buildSettings = {
				ALWAYS_SEARCH_USER_PATHS = NO;
				CLANG_ANALYZER_NONNULL = YES;
				CLANG_ANALYZER_NUMBER_OBJECT_CONVERSION = YES_AGGRESSIVE;
				CLANG_CXX_LANGUAGE_STANDARD = "gnu++14";
				CLANG_CXX_LIBRARY = "libc++";
				CLANG_ENABLE_MODULES = YES;
				CLANG_ENABLE_OBJC_ARC = YES;
				CLANG_ENABLE_OBJC_WEAK = YES;
				CLANG_WARN_BLOCK_CAPTURE_AUTORELEASING = YES;
				CLANG_WARN_BOOL_CONVERSION = YES;
				CLANG_WARN_COMMA = YES;
				CLANG_WARN_CONSTANT_CONVERSION = YES;
				CLANG_WARN_DEPRECATED_OBJC_IMPLEMENTATIONS = YES;
				CLANG_WARN_DIRECT_OBJC_ISA_USAGE = YES_ERROR;
				CLANG_WARN_DOCUMENTATION_COMMENTS = YES;
				CLANG_WARN_EMPTY_BODY = YES;
				CLANG_WARN_ENUM_CONVERSION = YES;
				CLANG_WARN_INFINITE_RECURSION = YES;
				CLANG_WARN_INT_CONVERSION = YES;
				CLANG_WARN_NON_LITERAL_NULL_CONVERSION = YES;
				CLANG_WARN_OBJC_IMPLICIT_RETAIN_SELF = YES;
				CLANG_WARN_OBJC_LITERAL_CONVERSION = YES;
				CLANG_WARN_OBJC_ROOT_CLASS = YES_ERROR;
				CLANG_WARN_RANGE_LOOP_ANALYSIS = YES;
				CLANG_WARN_STRICT_PROTOTYPES = YES;
				CLANG_WARN_SUSPICIOUS_MOVE = YES;
				CLANG_WARN_UNGUARDED_AVAILABILITY = YES_AGGRESSIVE;
				CLANG_WARN_UNREACHABLE_CODE = YES;
				CLANG_WARN__DUPLICATE_METHOD_MATCH = YES;
				COPY_PHASE_STRIP = NO;
				DEBUG_INFORMATION_FORMAT = "dwarf-with-dsym";
				ENABLE_NS_ASSERTIONS = NO;
				ENABLE_STRICT_OBJC_MSGSEND = YES;
				GCC_C_LANGUAGE_STANDARD = gnu11;
				GCC_NO_COMMON_BLOCKS = YES;
				GCC_WARN_64_TO_32_BIT_CONVERSION = YES;
				GCC_WARN_ABOUT_RETURN_TYPE = YES_ERROR;
				GCC_WARN_UNDECLARED_SELECTOR = YES;
				GCC_WARN_UNINITIALIZED_AUTOS = YES_AGGRESSIVE;
				GCC_WARN_UNUSED_FUNCTION = YES;
				GCC_WARN_UNUSED_VARIABLE = YES;
				IPHONEOS_DEPLOYMENT_TARGET = 13.2;
				MTL_ENABLE_DEBUG_INFO = NO;
				MTL_FAST_MATH = YES;
				SDKROOT = iphoneos;
				SWIFT_COMPILATION_MODE = wholemodule;
				SWIFT_OPTIMIZATION_LEVEL = "-O";
				VALIDATE_PRODUCT = YES;
			};
			name = Release;
		};
		76958A2D239CDC3300770439 /* Debug */ = {
			isa = XCBuildConfiguration;
			buildSettings = {
				ASSETCATALOG_COMPILER_APPICON_NAME = AppIcon;
				CODE_SIGN_STYLE = Automatic;
				INFOPLIST_FILE = catchup/Info.plist;
				LD_RUNPATH_SEARCH_PATHS = (
					"$(inherited)",
					"@executable_path/Frameworks",
				);
				PRODUCT_BUNDLE_IDENTIFIER = PJW.catchup;
				PRODUCT_NAME = "$(TARGET_NAME)";
				SWIFT_VERSION = 5.0;
				TARGETED_DEVICE_FAMILY = "1,2";
			};
			name = Debug;
		};
		76958A2E239CDC3300770439 /* Release */ = {
			isa = XCBuildConfiguration;
			buildSettings = {
				ASSETCATALOG_COMPILER_APPICON_NAME = AppIcon;
				CODE_SIGN_STYLE = Automatic;
				INFOPLIST_FILE = catchup/Info.plist;
				LD_RUNPATH_SEARCH_PATHS = (
					"$(inherited)",
					"@executable_path/Frameworks",
				);
				PRODUCT_BUNDLE_IDENTIFIER = PJW.catchup;
				PRODUCT_NAME = "$(TARGET_NAME)";
				SWIFT_VERSION = 5.0;
				TARGETED_DEVICE_FAMILY = "1,2";
			};
			name = Release;
		};
/* End XCBuildConfiguration section */

/* Begin XCConfigurationList section */
		76958A10239CDC3100770439 /* Build configuration list for PBXProject "catchup" */ = {
			isa = XCConfigurationList;
			buildConfigurations = (
				76958A2A239CDC3300770439 /* Debug */,
				76958A2B239CDC3300770439 /* Release */,
			);
			defaultConfigurationIsVisible = 0;
			defaultConfigurationName = Release;
		};
		76958A2C239CDC3300770439 /* Build configuration list for PBXNativeTarget "catchup" */ = {
			isa = XCConfigurationList;
			buildConfigurations = (
				76958A2D239CDC3300770439 /* Debug */,
				76958A2E239CDC3300770439 /* Release */,
			);
			defaultConfigurationIsVisible = 0;
			defaultConfigurationName = Release;
		};
/* End XCConfigurationList section */

/* Begin XCVersionGroup section */
		76958A21239CDC3100770439 /* catchup.xcdatamodeld */ = {
			isa = XCVersionGroup;
			children = (
				76958A22239CDC3100770439 /* catchup.xcdatamodel */,
			);
			currentVersion = 76958A22239CDC3100770439 /* catchup.xcdatamodel */;
			path = catchup.xcdatamodeld;
			sourceTree = "<group>";
			versionGroupType = wrapper.xcdatamodel;
		};
/* End XCVersionGroup section */
	};
	rootObject = 76958A0D239CDC3100770439 /* Project object */;
}
